
Microsoft Visual Studio Solution File, Format Version 12.00
# Visual Studio 15
VisualStudioVersion = 15.0.26430.15
MinimumVisualStudioVersion = 10.0.40219.1
Project("{FAE04EC0-301F-11D3-BF4B-00C04F79EFBC}") = "HashFolders", "HashFolders\HashFolders.csproj", "{74364035-53DC-430D-8BB6-6FCF666E075E}"
EndProject
Project("{FAE04EC0-301F-11D3-BF4B-00C04F79EFBC}") = "HashLib3", "HashLib3\HashLib3.csproj", "{B904AC29-FA13-4BF5-945D-F4893EDADCE8}"
EndProject
Global
	GlobalSection(SolutionConfigurationPlatforms) = preSolution
		Debug|Any CPU = Debug|Any CPU
		Release|Any CPU = Release|Any CPU
	EndGlobalSection
	GlobalSection(ProjectConfigurationPlatforms) = postSolution
		{74364035-53DC-430D-8BB6-6FCF666E075E}.Debug|Any CPU.ActiveCfg = Debug|Any CPU
		{74364035-53DC-430D-8BB6-6FCF666E075E}.Debug|Any CPU.Build.0 = Debug|Any CPU
		{74364035-53DC-430D-8BB6-6FCF666E075E}.Release|Any CPU.ActiveCfg = Release|Any CPU
		{74364035-53DC-430D-8BB6-6FCF666E075E}.Release|Any CPU.Build.0 = Release|Any CPU
		{B904AC29-FA13-4BF5-945D-F4893EDADCE8}.Debug|Any CPU.ActiveCfg = Debug|Any CPU
		{B904AC29-FA13-4BF5-945D-F4893EDADCE8}.Debug|Any CPU.Build.0 = Debug|Any CPU
		{B904AC29-FA13-4BF5-945D-F4893EDADCE8}.Release|Any CPU.ActiveCfg = Release|Any CPU
		{B904AC29-FA13-4BF5-945D-F4893EDADCE8}.Release|Any CPU.Build.0 = Release|Any CPU
	EndGlobalSection
	GlobalSection(SolutionProperties) = preSolution
		HideSolutionNode = FALSE
	EndGlobalSection
EndGlobal
